
Microsoft Visual Studio Solution File, Format Version 12.00
# Visual Studio Version 17
VisualStudioVersion = 17.3.32929.385
MinimumVisualStudioVersion = 10.0.40219.1
Project("{9A19103F-16F7-4668-BE54-9A1E7A4F7556}") = "IsovistTest", "IsovistTest.csproj", "{FB7DA8A2-FC6E-46E7-9F30-BB842483FDE5}"
EndProject
Global
	GlobalSection(SolutionConfigurationPlatforms) = preSolution
		Debug|Any CPU = Debug|Any CPU
		Release|Any CPU = Release|Any CPU
	EndGlobalSection
	GlobalSection(ProjectConfigurationPlatforms) = postSolution
		{FB7DA8A2-FC6E-46E7-9F30-BB842483FDE5}.Debug|Any CPU.ActiveCfg = Debug|Any CPU
		{FB7DA8A2-FC6E-46E7-9F30-BB842483FDE5}.Debug|Any CPU.Build.0 = Debug|Any CPU
		{FB7DA8A2-FC6E-46E7-9F30-BB842483FDE5}.Release|Any CPU.ActiveCfg = Release|Any CPU
		{FB7DA8A2-FC6E-46E7-9F30-BB842483FDE5}.Release|Any CPU.Build.0 = Release|Any CPU
	EndGlobalSection
	GlobalSection(SolutionProperties) = preSolution
		HideSolutionNode = FALSE
	EndGlobalSection
	GlobalSection(ExtensibilityGlobals) = postSolution
		SolutionGuid = {4CC116DA-EB77-4B13-AB81-20CDC95E2F13}
	EndGlobalSection
EndGlobal
